<Solution>
  <Project Path="FPSAnimationFramework.Runtime.csproj" />
  <Project Path="Assembly-CSharp.csproj" />
  <Project Path="UniTask.csproj" />
  <Project Path="UniTask.Linq.csproj" />
  <Project Path="FPSAnimationFramework.Editor.csproj" />
  <Project Path="MiniIT.MiniContainer.Editor.csproj" />
  <Project Path="MiniIT.MiniContainer.csproj" />
  <Project Path="MiniIT.StateMachine.csproj" />
  <Project Path="UniTask.TextMeshPro.csproj" />
  <Project Path="Assembly-CSharp-Editor.csproj" />
  <Project Path="KAnimationCore.Editor.csproj" />
  <Project Path="KAnimationCore.Runtime.csproj" />
  <Project Path="ScriptableWidget.Editor.csproj" />
  <Project Path="UniTask.Editor.csproj" />
  <Project Path="UniTask.Addressables.csproj" />
  <Project Path="UniTask.DOTween.csproj" />
</Solution>
